
Microsoft Visual Studio Solution File, Format Version 12.00
Project("{FAE04EC0-301F-11D3-BF4B-00C04F79EFBC}") = "LogisticCompany_Identity", "LogisticCompany_Identity.csproj", "{F61D71E1-11ED-4FDE-A701-F4D8BD91688B}"
EndProject
Global
	GlobalSection(SolutionConfigurationPlatforms) = preSolution
		Debug|Any CPU = Debug|Any CPU
		Release|Any CPU = Release|Any CPU
	EndGlobalSection
	GlobalSection(ProjectConfigurationPlatforms) = postSolution
		{F61D71E1-11ED-4FDE-A701-F4D8BD91688B}.Debug|Any CPU.ActiveCfg = Debug|Any CPU
		{F61D71E1-11ED-4FDE-A701-F4D8BD91688B}.Debug|Any CPU.Build.0 = Debug|Any CPU
		{F61D71E1-11ED-4FDE-A701-F4D8BD91688B}.Release|Any CPU.ActiveCfg = Release|Any CPU
		{F61D71E1-11ED-4FDE-A701-F4D8BD91688B}.Release|Any CPU.Build.0 = Release|Any CPU
	EndGlobalSection
EndGlobal
